lockfileVersion: '9.0'

settings:
  autoInstallPeers: true
  excludeLinksFromLockfile: false

importers:

  .:
    dependencies:
      '@scalar/hono-api-reference':
        specifier: ^0.10.13
        version: 0.10.13(hono@4.12.16)
      hono:
        specifier: ^4.12.16
        version: 4.12.16

packages:

  '@scalar/client-side-rendering@0.1.6':
    resolution: {integrity: sha512-ooc5RKyi83EvBuxB2N8H00ZE2CF4oKynuUToSCaoqxkjv+oJ6B3+OYsb0HVixznsyWhUDdtQZm4/xOb0kxBaaA==}
    engines: {node: '>=22'}

  '@scalar/helpers@0.5.5':
    resolution: {integrity: sha512-TqbErkqGijJJW6Ad8lpswHFTmlJaYFt9oolaWF1/Nn9171xdkK9ZDAk3pCaOCWs8WpwvcbUSxIVD8JxdBg0MFg==}
    engines: {node: '>=22'}

  '@scalar/hono-api-reference@0.10.13':
    resolution: {integrity: sha512-xYSN6GVdzsgt5i3OTt4wDpIcD/KpKTwb6Wiy65NucGIFW0WidM6ilb9Lf8EG9xescut5djLtGOOxO4Ze0w8qgQ==}
    engines: {node: '>=22'}
    peerDependencies:
      hono: ^4.12.5

  '@scalar/types@0.9.5':
    resolution: {integrity: sha512-joen5nuqgmGzgXK5XIqkGs0JmCZ16djaw+pgC24sfb+p3sSPVfKQTNTil/RuvHMNsmA/dFcQ6GI0Y3HhTlUQrg==}
    engines: {node: '>=22'}

  hono@4.12.16:
    resolution: {integrity: sha512-jN0ZewiNAWSe5khM3EyCmBb250+b40wWbwNILNfEvq84VREWwOIkuUsFONk/3i3nqkz7Oe1PcpM2mwQEK2L9Kg==}
    engines: {node: '>=16.9.0'}

  nanoid@5.1.11:
    resolution: {integrity: sha512-v+KEsUv2ps74PaSKv0gHTxTCgMXOIfBEbaqa6w6ISIGC7ZsvHN4N9oJ8d4cmf0n5oTzQz2SLmThbQWhjd/8eKg==}
    engines: {node: ^18 || >=20}
    hasBin: true

  tagged-tag@1.0.0:
    resolution: {integrity: sha512-yEFYrVhod+hdNyx7g5Bnkkb0G6si8HJurOoOEgC8B/O0uXLHlaey/65KRv6cuWBNhBgHKAROVpc7QyYqE5gFng==}
    engines: {node: '>=20'}

  type-fest@5.6.0:
    resolution: {integrity: sha512-8ZiHFm91orbSAe2PSAiSVBVko18pbhbiB3U9GglSzF/zCGkR+rxpHx6sEMCUm4kxY4LjDIUGgCfUMtwfZfjfUA==}
    engines: {node: '>=20'}

  zod@4.4.2:
    resolution: {integrity: sha512-IynmDyxsEsb9RKzO3J9+4SxXnl2FTFSzNBaKKaMV6tsSk0rw9gYw9gs+JFCq/qk2LCZ78KDwyj+Z289TijSkUw==}

snapshots:

  '@scalar/client-side-rendering@0.1.6':
    dependencies:
      '@scalar/types': 0.9.5

  '@scalar/helpers@0.5.5': {}

  '@scalar/hono-api-reference@0.10.13(hono@4.12.16)':
    dependencies:
      '@scalar/client-side-rendering': 0.1.6
      hono: 4.12.16

  '@scalar/types@0.9.5':
    dependencies:
      '@scalar/helpers': 0.5.5
      nanoid: 5.1.11
      type-fest: 5.6.0
      zod: 4.4.2

  hono@4.12.16: {}

  nanoid@5.1.11: {}

  tagged-tag@1.0.0: {}

  type-fest@5.6.0:
    dependencies:
      tagged-tag: 1.0.0

  zod@4.4.2: {}
